
Microsoft Visual Studio Solution File, Format Version 12.00
# Visual Studio Version 17
VisualStudioVersion = 17.0.32014.148
MinimumVisualStudioVersion = 10.0.40219.1
Project("{2150E333-8FDC-42A3-9474-1A3956D46DE8}") = "Model", "Model", "{DEFD42CD-8E1A-47C1-A2C4-E2D6DCE43B2F}"
EndProject
Project("{2150E333-8FDC-42A3-9474-1A3956D46DE8}") = "Services", "Services", "{A6ABDDCD-4702-4732-8FF5-D629DE3F2F0D}"
EndProject
Project("{2150E333-8FDC-42A3-9474-1A3956D46DE8}") = "UI", "UI", "{672FE007-25D6-4498-9A3B-6F8A4603E4D5}"
EndProject
Project("{9A19103F-16F7-4668-BE54-9A1E7A4F7556}") = "BEntities", "Model\BEntities\BEntities.csproj", "{868596F7-CB81-4CE8-8DC7-9030A481AAAE}"
EndProject
Project("{9A19103F-16F7-4668-BE54-9A1E7A4F7556}") = "DALayer", "Model\DALayer\DALayer.csproj", "{1D18AF4F-2A44-4722-BC69-C0F94B177253}"
EndProject
Project("{9A19103F-16F7-4668-BE54-9A1E7A4F7556}") = "BComponents", "Model\BComponents\BComponents.csproj", "{1B9D9DB2-9E55-4850-A98B-A6BE1FFF5B60}"
EndProject
Project("{9A19103F-16F7-4668-BE54-9A1E7A4F7556}") = "Portal", "UI\Portal\Portal.csproj", "{7081312F-1637-49F0-88FA-AF7D91925F52}"
EndProject
Project("{9A19103F-16F7-4668-BE54-9A1E7A4F7556}") = "MobileService", "Services\MobileService\MobileService.csproj", "{9DE6E9EF-582C-4123-988E-56B57BFA6A75}"
EndProject
Project("{9A19103F-16F7-4668-BE54-9A1E7A4F7556}") = "ReportsDataService", "Services\ReportsDataService\ReportsDataService.csproj", "{667678EE-1C6B-43D4-9B72-E4A1C5EB1CD4}"
EndProject
Project("{9A19103F-16F7-4668-BE54-9A1E7A4F7556}") = "ProviderService", "Services\ProviderService\ProviderService.csproj", "{1CEB9444-5259-4360-B190-9B61124AABAE}"
EndProject
Project("{9A19103F-16F7-4668-BE54-9A1E7A4F7556}") = "SalesService", "Services\SalesService\SalesService.csproj", "{8B2603FF-14E3-425C-AB6C-2C17A314B72F}"
EndProject
Project("{9A19103F-16F7-4668-BE54-9A1E7A4F7556}") = "PiggyBankService", "Services\PiggyBankService\PiggyBankService.csproj", "{674288D1-3FB3-4521-AD40-A246087AED82}"
EndProject
Project("{9A19103F-16F7-4668-BE54-9A1E7A4F7556}") = "CampaignService", "Services\CampaignService\CampaignService.csproj", "{5FBED8DE-307A-412D-BE59-38C8744C8E64}"
EndProject
Global
	GlobalSection(SolutionConfigurationPlatforms) = preSolution
		Debug|Any CPU = Debug|Any CPU
		Release|Any CPU = Release|Any CPU
	EndGlobalSection
	GlobalSection(ProjectConfigurationPlatforms) = postSolution
		{868596F7-CB81-4CE8-8DC7-9030A481AAAE}.Debug|Any CPU.ActiveCfg = Debug|Any CPU
		{868596F7-CB81-4CE8-8DC7-9030A481AAAE}.Debug|Any CPU.Build.0 = Debug|Any CPU
		{868596F7-CB81-4CE8-8DC7-9030A481AAAE}.Release|Any CPU.ActiveCfg = Release|Any CPU
		{868596F7-CB81-4CE8-8DC7-9030A481AAAE}.Release|Any CPU.Build.0 = Release|Any CPU
		{1D18AF4F-2A44-4722-BC69-C0F94B177253}.Debug|Any CPU.ActiveCfg = Debug|Any CPU
		{1D18AF4F-2A44-4722-BC69-C0F94B177253}.Debug|Any CPU.Build.0 = Debug|Any CPU
		{1D18AF4F-2A44-4722-BC69-C0F94B177253}.Release|Any CPU.ActiveCfg = Release|Any CPU
		{1D18AF4F-2A44-4722-BC69-C0F94B177253}.Release|Any CPU.Build.0 = Release|Any CPU
		{1B9D9DB2-9E55-4850-A98B-A6BE1FFF5B60}.Debug|Any CPU.ActiveCfg = Debug|Any CPU
		{1B9D9DB2-9E55-4850-A98B-A6BE1FFF5B60}.Debug|Any CPU.Build.0 = Debug|Any CPU
		{1B9D9DB2-9E55-4850-A98B-A6BE1FFF5B60}.Release|Any CPU.ActiveCfg = Release|Any CPU
		{1B9D9DB2-9E55-4850-A98B-A6BE1FFF5B60}.Release|Any CPU.Build.0 = Release|Any CPU
		{7081312F-1637-49F0-88FA-AF7D91925F52}.Debug|Any CPU.ActiveCfg = Debug|Any CPU
		{7081312F-1637-49F0-88FA-AF7D91925F52}.Debug|Any CPU.Build.0 = Debug|Any CPU
		{7081312F-1637-49F0-88FA-AF7D91925F52}.Release|Any CPU.ActiveCfg = Release|Any CPU
		{7081312F-1637-49F0-88FA-AF7D91925F52}.Release|Any CPU.Build.0 = Release|Any CPU
		{9DE6E9EF-582C-4123-988E-56B57BFA6A75}.Debug|Any CPU.ActiveCfg = Debug|Any CPU
		{9DE6E9EF-582C-4123-988E-56B57BFA6A75}.Debug|Any CPU.Build.0 = Debug|Any CPU
		{9DE6E9EF-582C-4123-988E-56B57BFA6A75}.Release|Any CPU.ActiveCfg = Release|Any CPU
		{9DE6E9EF-582C-4123-988E-56B57BFA6A75}.Release|Any CPU.Build.0 = Release|Any CPU
		{667678EE-1C6B-43D4-9B72-E4A1C5EB1CD4}.Debug|Any CPU.ActiveCfg = Debug|Any CPU
		{667678EE-1C6B-43D4-9B72-E4A1C5EB1CD4}.Debug|Any CPU.Build.0 = Debug|Any CPU
		{667678EE-1C6B-43D4-9B72-E4A1C5EB1CD4}.Release|Any CPU.ActiveCfg = Release|Any CPU
		{667678EE-1C6B-43D4-9B72-E4A1C5EB1CD4}.Release|Any CPU.Build.0 = Release|Any CPU
		{1CEB9444-5259-4360-B190-9B61124AABAE}.Debug|Any CPU.ActiveCfg = Debug|Any CPU
		{1CEB9444-5259-4360-B190-9B61124AABAE}.Debug|Any CPU.Build.0 = Debug|Any CPU
		{1CEB9444-5259-4360-B190-9B61124AABAE}.Release|Any CPU.ActiveCfg = Release|Any CPU
		{1CEB9444-5259-4360-B190-9B61124AABAE}.Release|Any CPU.Build.0 = Release|Any CPU
		{8B2603FF-14E3-425C-AB6C-2C17A314B72F}.Debug|Any CPU.ActiveCfg = Debug|Any CPU
		{8B2603FF-14E3-425C-AB6C-2C17A314B72F}.Debug|Any CPU.Build.0 = Debug|Any CPU
		{8B2603FF-14E3-425C-AB6C-2C17A314B72F}.Release|Any CPU.ActiveCfg = Release|Any CPU
		{8B2603FF-14E3-425C-AB6C-2C17A314B72F}.Release|Any CPU.Build.0 = Release|Any CPU
		{674288D1-3FB3-4521-AD40-A246087AED82}.Debug|Any CPU.ActiveCfg = Debug|Any CPU
		{674288D1-3FB3-4521-AD40-A246087AED82}.Debug|Any CPU.Build.0 = Debug|Any CPU
		{674288D1-3FB3-4521-AD40-A246087AED82}.Release|Any CPU.ActiveCfg = Release|Any CPU
		{674288D1-3FB3-4521-AD40-A246087AED82}.Release|Any CPU.Build.0 = Release|Any CPU
		{5FBED8DE-307A-412D-BE59-38C8744C8E64}.Debug|Any CPU.ActiveCfg = Debug|Any CPU
		{5FBED8DE-307A-412D-BE59-38C8744C8E64}.Debug|Any CPU.Build.0 = Debug|Any CPU
		{5FBED8DE-307A-412D-BE59-38C8744C8E64}.Release|Any CPU.ActiveCfg = Release|Any CPU
		{5FBED8DE-307A-412D-BE59-38C8744C8E64}.Release|Any CPU.Build.0 = Release|Any CPU
	EndGlobalSection
	GlobalSection(SolutionProperties) = preSolution
		HideSolutionNode = FALSE
	EndGlobalSection
	GlobalSection(NestedProjects) = preSolution
		{868596F7-CB81-4CE8-8DC7-9030A481AAAE} = {DEFD42CD-8E1A-47C1-A2C4-E2D6DCE43B2F}
		{1D18AF4F-2A44-4722-BC69-C0F94B177253} = {DEFD42CD-8E1A-47C1-A2C4-E2D6DCE43B2F}
		{1B9D9DB2-9E55-4850-A98B-A6BE1FFF5B60} = {DEFD42CD-8E1A-47C1-A2C4-E2D6DCE43B2F}
		{7081312F-1637-49F0-88FA-AF7D91925F52} = {672FE007-25D6-4498-9A3B-6F8A4603E4D5}
		{9DE6E9EF-582C-4123-988E-56B57BFA6A75} = {A6ABDDCD-4702-4732-8FF5-D629DE3F2F0D}
		{667678EE-1C6B-43D4-9B72-E4A1C5EB1CD4} = {A6ABDDCD-4702-4732-8FF5-D629DE3F2F0D}
		{1CEB9444-5259-4360-B190-9B61124AABAE} = {A6ABDDCD-4702-4732-8FF5-D629DE3F2F0D}
		{8B2603FF-14E3-425C-AB6C-2C17A314B72F} = {A6ABDDCD-4702-4732-8FF5-D629DE3F2F0D}
		{674288D1-3FB3-4521-AD40-A246087AED82} = {A6ABDDCD-4702-4732-8FF5-D629DE3F2F0D}
		{5FBED8DE-307A-412D-BE59-38C8744C8E64} = {A6ABDDCD-4702-4732-8FF5-D629DE3F2F0D}
	EndGlobalSection
	GlobalSection(ExtensibilityGlobals) = postSolution
		SolutionGuid = {1F1AE6EA-600F-4169-A783-B116F7757DD9}
	EndGlobalSection
EndGlobal
